// !$*UTF8*$!
{
	archiveVersion = 1;
	classes = {
	};
	objectVersion = 77;
	objects = {

/* Begin PBXBuildFile section */
		B0E400000000000000000030 /* Sparkle in Frameworks */ = {isa = PBXBuildFile; productRef = B0E400000000000000000032 /* Sparkle */; };
/* End PBXBuildFile section */

/* Begin PBXContainerItemProxy section */
		B0E40000000000000000001A /* PBXContainerItemProxy */ = {
			isa = PBXContainerItemProxy;
			containerPortal = B0E400000000000000000001 /* Project object */;
			proxyType = 1;
			remoteGlobalIDString = B0E400000000000000000002;
			remoteInfo = TokenPacer;
		};
/* End PBXContainerItemProxy section */

/* Begin PBXFileReference section */
		B0E400000000000000000004 /* TokenPacer.app */ = {isa = PBXFileReference; explicitFileType = wrapper.application; includeInIndex = 0; path = TokenPacer.app; sourceTree = BUILT_PRODUCTS_DIR; };
		B0E400000000000000000005 /* TokenPacerTests.xctest */ = {isa = PBXFileReference; explicitFileType = wrapper.cfbundle; includeInIndex = 0; path = TokenPacerTests.xctest; sourceTree = BUILT_PRODUCTS_DIR; };
		B0E40000000000000000001D /* PLAN.md */ = {isa = PBXFileReference; lastKnownFileType = net.daringfireball.markdown; path = PLAN.md; sourceTree = "<group>"; };
/* End PBXFileReference section */

/* Begin PBXFileSystemSynchronizedBuildFileExceptionSet section */
		B0E400000000000000000040 /* Exceptions for "TokenPacer" folder in "TokenPacer" target */ = {
			isa = PBXFileSystemSynchronizedBuildFileExceptionSet;
			membershipExceptions = (
				Info.plist,
			);
			target = B0E400000000000000000002 /* TokenPacer */;
		};
/* End PBXFileSystemSynchronizedBuildFileExceptionSet section */

/* Begin PBXFileSystemSynchronizedRootGroup section */
		B0E400000000000000000008 /* TokenPacer */ = {
			isa = PBXFileSystemSynchronizedRootGroup;
			exceptions = (
				B0E400000000000000000040 /* Exceptions for "TokenPacer" folder in "TokenPacer" target */,
			);
			path = TokenPacer;
			sourceTree = "<group>";
		};
		B0E400000000000000000009 /* TokenPacerTests */ = {
			isa = PBXFileSystemSynchronizedRootGroup;
			path = TokenPacerTests;
			sourceTree = "<group>";
		};
/* End PBXFileSystemSynchronizedRootGroup section */

/* Begin PBXFrameworksBuildPhase section */
		B0E40000000000000000000B /* Frameworks */ = {
			isa = PBXFrameworksBuildPhase;
			buildActionMask = 2147483647;
			files = (
				B0E400000000000000000030 /* Sparkle in Frameworks */,
			);
			runOnlyForDeploymentPostprocessing = 0;
		};
		B0E40000000000000000000E /* Frameworks */ = {
			isa = PBXFrameworksBuildPhase;
			buildActionMask = 2147483647;
			files = (
			);
			runOnlyForDeploymentPostprocessing = 0;
		};
/* End PBXFrameworksBuildPhase section */

/* Begin PBXGroup section */
		B0E400000000000000000006 = {
			isa = PBXGroup;
			children = (
				B0E400000000000000000008 /* TokenPacer */,
				B0E400000000000000000009 /* TokenPacerTests */,
				B0E40000000000000000001D /* PLAN.md */,
				B0E400000000000000000007 /* Products */,
			);
			sourceTree = "<group>";
		};
		B0E400000000000000000007 /* Products */ = {
			isa = PBXGroup;
			children = (
				B0E400000000000000000004 /* TokenPacer.app */,
				B0E400000000000000000005 /* TokenPacerTests.xctest */,
			);
			name = Products;
			sourceTree = "<group>";
		};
/* End PBXGroup section */

/* Begin PBXNativeTarget section */
		B0E400000000000000000002 /* TokenPacer */ = {
			isa = PBXNativeTarget;
			buildConfigurationList = B0E400000000000000000011 /* Build configuration list for PBXNativeTarget "TokenPacer" */;
			buildPhases = (
				B0E40000000000000000000A /* Sources */,
				B0E40000000000000000000B /* Frameworks */,
				B0E40000000000000000000C /* Resources */,
			);
			buildRules = (
			);
			dependencies = (
			);
			fileSystemSynchronizedGroups = (
				B0E400000000000000000008 /* TokenPacer */,
			);
			name = TokenPacer;
			packageProductDependencies = (
				B0E400000000000000000032 /* Sparkle */,
			);
			productName = TokenPacer;
			productReference = B0E400000000000000000004 /* TokenPacer.app */;
			productType = "com.apple.product-type.application";
		};
		B0E400000000000000000003 /* TokenPacerTests */ = {
			isa = PBXNativeTarget;
			buildConfigurationList = B0E400000000000000000012 /* Build configuration list for PBXNativeTarget "TokenPacerTests" */;
			buildPhases = (
				B0E40000000000000000000D /* Sources */,
				B0E40000000000000000000E /* Frameworks */,
				B0E40000000000000000000F /* Resources */,
			);
			buildRules = (
			);
			dependencies = (
				B0E400000000000000000019 /* PBXTargetDependency */,
			);
			fileSystemSynchronizedGroups = (
				B0E400000000000000000009 /* TokenPacerTests */,
			);
			name = TokenPacerTests;
			productName = TokenPacerTests;
			productReference = B0E400000000000000000005 /* TokenPacerTests.xctest */;
			productType = "com.apple.product-type.bundle.unit-test";
		};
/* End PBXNativeTarget section */

/* Begin PBXProject section */
		B0E400000000000000000001 /* Project object */ = {
			isa = PBXProject;
			attributes = {
				BuildIndependentTargetsInParallel = 1;
				LastSwiftUpdateCheck = 2700;
				LastUpgradeCheck = 2700;
				TargetAttributes = {
					B0E400000000000000000002 = {
						CreatedOnToolsVersion = 27.0;
					};
					B0E400000000000000000003 = {
						CreatedOnToolsVersion = 27.0;
						TestTargetID = B0E400000000000000000002;
					};
				};
			};
			buildConfigurationList = B0E400000000000000000010 /* Build configuration list for PBXProject "TokenPacer" */;
			developmentRegion = en;
			hasScannedForEncodings = 0;
			knownRegions = (
				en,
				Base,
			);
			mainGroup = B0E400000000000000000006;
			minimizedProjectReferenceProxies = 1;
			packageReferences = (
				B0E400000000000000000033 /* XCLocalSwiftPackageReference "Vendor/Sparkle" */,
			);
			preferredProjectObjectVersion = 77;
			productRefGroup = B0E400000000000000000007 /* Products */;
			projectDirPath = "";
			projectRoot = "";
			targets = (
				B0E400000000000000000002 /* TokenPacer */,
				B0E400000000000000000003 /* TokenPacerTests */,
			);
		};
/* End PBXProject section */

/* Begin PBXResourcesBuildPhase section */
		B0E40000000000000000000C /* Resources */ = {
			isa = PBXResourcesBuildPhase;
			buildActionMask = 2147483647;
			files = (
			);
			runOnlyForDeploymentPostprocessing = 0;
		};
		B0E40000000000000000000F /* Resources */ = {
			isa = PBXResourcesBuildPhase;
			buildActionMask = 2147483647;
			files = (
			);
			runOnlyForDeploymentPostprocessing = 0;
		};
/* End PBXResourcesBuildPhase section */

/* Begin PBXSourcesBuildPhase section */
		B0E40000000000000000000A /* Sources */ = {
			isa = PBXSourcesBuildPhase;
			buildActionMask = 2147483647;
			files = (
			);
			runOnlyForDeploymentPostprocessing = 0;
		};
		B0E40000000000000000000D /* Sources */ = {
			isa = PBXSourcesBuildPhase;
			buildActionMask = 2147483647;
			files = (
			);
			runOnlyForDeploymentPostprocessing = 0;
		};
/* End PBXSourcesBuildPhase section */

/* Begin PBXTargetDependency section */
		B0E400000000000000000019 /* PBXTargetDependency */ = {
			isa = PBXTargetDependency;
			target = B0E400000000000000000002 /* TokenPacer */;
			targetProxy = B0E40000000000000000001A /* PBXContainerItemProxy */;
		};
/* End PBXTargetDependency section */

/* Begin XCBuildConfiguration section */
		B0E400000000000000000013 /* Debug */ = {
			isa = XCBuildConfiguration;
			buildSettings = {
				ALWAYS_SEARCH_USER_PATHS = NO;
				CLANG_ENABLE_OBJC_WEAK = YES;
				COPY_PHASE_STRIP = NO;
				DEBUG_INFORMATION_FORMAT = dwarf;
				ENABLE_STRICT_OBJC_MSGSEND = YES;
				ENABLE_TESTABILITY = YES;
				GCC_OPTIMIZATION_LEVEL = 0;
				GCC_PREPROCESSOR_DEFINITIONS = (
					"DEBUG=1",
					"$(inherited)",
				);
				MACOSX_DEPLOYMENT_TARGET = 15.0;
				MTL_ENABLE_DEBUG_INFO = INCLUDE_SOURCE;
				ONLY_ACTIVE_ARCH = YES;
				SDKROOT = macosx;
				SWIFT_ACTIVE_COMPILATION_CONDITIONS = "DEBUG $(inherited)";
				SWIFT_OPTIMIZATION_LEVEL = "-Onone";
				SWIFT_VERSION = 6.0;
			};
			name = Debug;
		};
		B0E400000000000000000014 /* Release */ = {
			isa = XCBuildConfiguration;
			buildSettings = {
				ALWAYS_SEARCH_USER_PATHS = NO;
				CLANG_ENABLE_OBJC_WEAK = YES;
				COPY_PHASE_STRIP = NO;
				DEBUG_INFORMATION_FORMAT = "dwarf-with-dsym";
				ENABLE_NS_ASSERTIONS = NO;
				ENABLE_STRICT_OBJC_MSGSEND = YES;
				MACOSX_DEPLOYMENT_TARGET = 15.0;
				MTL_ENABLE_DEBUG_INFO = NO;
				SDKROOT = macosx;
				SWIFT_COMPILATION_MODE = wholemodule;
				SWIFT_VERSION = 6.0;
			};
			name = Release;
		};
		B0E400000000000000000015 /* Debug */ = {
			isa = XCBuildConfiguration;
			buildSettings = {
				CODE_SIGN_ENTITLEMENTS = TokenPacer/TokenPacer.entitlements;
/* Not ad-hoc. An ad-hoc signature has no designated requirement, so TCC keys
   its grant to the exact cdhash: every rebuild is a new app to macOS, and the
   "access files in your Documents folder" prompt — which a usage read needs,
   because every trusted project lives there — comes back each time. Signing
   debug builds with the identity the release uses gives them one identity, so
   the grant is answered once and survives rebuilds. */
				CODE_SIGN_IDENTITY = "Developer ID Application";
				CODE_SIGN_STYLE = Manual;
				COMBINE_HIDPI_IMAGES = YES;
				DEVELOPMENT_TEAM = B2WR56QVT7;
				ENABLE_HARDENED_RUNTIME = YES;
				GENERATE_INFOPLIST_FILE = NO;
				INFOPLIST_FILE = TokenPacer/Info.plist;
				LD_RUNPATH_SEARCH_PATHS = (
					"$(inherited)",
					"@executable_path/../Frameworks",
				);
				PRODUCT_BUNDLE_IDENTIFIER = "com.redevify.token-pacer";
				PRODUCT_NAME = "$(TARGET_NAME)";
				SWIFT_EMIT_LOC_STRINGS = YES;
			};
			name = Debug;
		};
		B0E400000000000000000016 /* Release */ = {
			isa = XCBuildConfiguration;
			buildSettings = {
				CODE_SIGN_ENTITLEMENTS = TokenPacer/TokenPacer.entitlements;
				CODE_SIGN_IDENTITY = "Developer ID Application";
				"CODE_SIGN_IDENTITY[sdk=macosx*]" = "Developer ID Application";
				CODE_SIGN_STYLE = Manual;
				COMBINE_HIDPI_IMAGES = YES;
				DEVELOPMENT_TEAM = B2WR56QVT7;
				ENABLE_HARDENED_RUNTIME = YES;
				GENERATE_INFOPLIST_FILE = NO;
				INFOPLIST_FILE = TokenPacer/Info.plist;
				LD_RUNPATH_SEARCH_PATHS = (
					"$(inherited)",
					"@executable_path/../Frameworks",
				);
				PRODUCT_BUNDLE_IDENTIFIER = "com.redevify.token-pacer";
				PRODUCT_NAME = "$(TARGET_NAME)";
				PROVISIONING_PROFILE_SPECIFIER = "";
				SWIFT_EMIT_LOC_STRINGS = YES;
			};
			name = Release;
		};
		B0E400000000000000000017 /* Debug */ = {
			isa = XCBuildConfiguration;
			buildSettings = {
				BUNDLE_LOADER = "$(TEST_HOST)";
				CODE_SIGN_STYLE = Automatic;
				CURRENT_PROJECT_VERSION = 1;
				GENERATE_INFOPLIST_FILE = YES;
				MARKETING_VERSION = 0.1.0;
				PRODUCT_BUNDLE_IDENTIFIER = "com.redevify.token-pacer.tests";
				PRODUCT_NAME = "$(TARGET_NAME)";
				TEST_HOST = "$(BUILT_PRODUCTS_DIR)/TokenPacer.app/Contents/MacOS/TokenPacer";
			};
			name = Debug;
		};
		B0E400000000000000000018 /* Release */ = {
			isa = XCBuildConfiguration;
			buildSettings = {
				BUNDLE_LOADER = "$(TEST_HOST)";
				CODE_SIGN_STYLE = Automatic;
				CURRENT_PROJECT_VERSION = 1;
				GENERATE_INFOPLIST_FILE = YES;
				MARKETING_VERSION = 0.1.0;
				PRODUCT_BUNDLE_IDENTIFIER = "com.redevify.token-pacer.tests";
				PRODUCT_NAME = "$(TARGET_NAME)";
				TEST_HOST = "$(BUILT_PRODUCTS_DIR)/TokenPacer.app/Contents/MacOS/TokenPacer";
			};
			name = Release;
		};
/* End XCBuildConfiguration section */

/* Begin XCConfigurationList section */
		B0E400000000000000000010 /* Build configuration list for PBXProject "TokenPacer" */ = {
			isa = XCConfigurationList;
			buildConfigurations = (
				B0E400000000000000000013 /* Debug */,
				B0E400000000000000000014 /* Release */,
			);
			defaultConfigurationIsVisible = 0;
			defaultConfigurationName = Release;
		};
		B0E400000000000000000011 /* Build configuration list for PBXNativeTarget "TokenPacer" */ = {
			isa = XCConfigurationList;
			buildConfigurations = (
				B0E400000000000000000015 /* Debug */,
				B0E400000000000000000016 /* Release */,
			);
			defaultConfigurationIsVisible = 0;
			defaultConfigurationName = Release;
		};
		B0E400000000000000000012 /* Build configuration list for PBXNativeTarget "TokenPacerTests" */ = {
			isa = XCConfigurationList;
			buildConfigurations = (
				B0E400000000000000000017 /* Debug */,
				B0E400000000000000000018 /* Release */,
			);
			defaultConfigurationIsVisible = 0;
			defaultConfigurationName = Release;
		};
/* End XCConfigurationList section */

/* Begin XCLocalSwiftPackageReference section */
		B0E400000000000000000033 /* XCLocalSwiftPackageReference "Vendor/Sparkle" */ = {
			isa = XCLocalSwiftPackageReference;
			relativePath = Vendor/Sparkle;
		};
/* End XCLocalSwiftPackageReference section */

/* Begin XCSwiftPackageProductDependency section */
		B0E400000000000000000032 /* Sparkle */ = {
			isa = XCSwiftPackageProductDependency;
			package = B0E400000000000000000033 /* XCLocalSwiftPackageReference "Vendor/Sparkle" */;
			productName = Sparkle;
		};
/* End XCSwiftPackageProductDependency section */
	};
	rootObject = B0E400000000000000000001 /* Project object */;
}
