// !$*UTF8*$!
{
	archiveVersion = 1;
	classes = {
	};
	objectVersion = 77;
	objects = {

/* Begin PBXFileSystemSynchronizedRootGroup section */
		B0E400000000000000000008 /* Sources */ = {
			isa = PBXFileSystemSynchronizedRootGroup;
			path = Sources;
			sourceTree = "<group>";
		};
		B0E400000000000000000009 /* Tests */ = {
			isa = PBXFileSystemSynchronizedRootGroup;
			path = Tests;
			sourceTree = "<group>";
		};
/* End PBXFileSystemSynchronizedRootGroup section */

/* Begin PBXBuildFile section */
		B0E400000000000000000020 /* BurnTracker.icns in Resources */ = {isa = PBXBuildFile; fileRef = B0E400000000000000000021 /* BurnTracker.icns */; };
		B0E400000000000000000022 /* Fonts in Resources */ = {isa = PBXBuildFile; fileRef = B0E400000000000000000023 /* Fonts */; };
/* End PBXBuildFile section */

/* Begin PBXFileReference section */
		B0E400000000000000000021 /* BurnTracker.icns */ = {isa = PBXFileReference; lastKnownFileType = image.icns; name = BurnTracker.icns; path = Resources/BurnTracker.icns; sourceTree = "<group>"; };
		B0E400000000000000000023 /* Fonts */ = {isa = PBXFileReference; lastKnownFileType = folder; name = Fonts; path = Resources/Fonts; sourceTree = "<group>"; };
		B0E400000000000000000004 /* BurnTracker.app */ = {isa = PBXFileReference; explicitFileType = wrapper.application; includeInIndex = 0; path = BurnTracker.app; sourceTree = BUILT_PRODUCTS_DIR; };
		B0E400000000000000000005 /* BurnTrackerTests.xctest */ = {isa = PBXFileReference; explicitFileType = wrapper.cfbundle; includeInIndex = 0; path = BurnTrackerTests.xctest; sourceTree = BUILT_PRODUCTS_DIR; };
		B0E40000000000000000001C /* Info.plist */ = {isa = PBXFileReference; lastKnownFileType = text.plist.xml; name = Info.plist; path = Resources/Info.plist; sourceTree = "<group>"; };
		B0E40000000000000000001D /* PLAN.md */ = {isa = PBXFileReference; lastKnownFileType = net.daringfireball.markdown; path = PLAN.md; sourceTree = "<group>"; };
/* End PBXFileReference section */

/* Begin PBXGroup section */
		B0E400000000000000000006 = {
			isa = PBXGroup;
			children = (
				B0E400000000000000000008 /* Sources */,
				B0E400000000000000000009 /* Tests */,
				B0E40000000000000000001C /* Info.plist */,
				B0E400000000000000000021 /* BurnTracker.icns */,
				B0E400000000000000000023 /* Fonts */,
				B0E40000000000000000001D /* PLAN.md */,
				B0E400000000000000000007 /* Products */,
			);
			sourceTree = "<group>";
		};
		B0E400000000000000000007 /* Products */ = {
			isa = PBXGroup;
			children = (
				B0E400000000000000000004 /* BurnTracker.app */,
				B0E400000000000000000005 /* BurnTrackerTests.xctest */,
			);
			name = Products;
			sourceTree = "<group>";
		};
/* End PBXGroup section */

/* Begin PBXSourcesBuildPhase section */
		B0E40000000000000000000A /* Sources */ = {isa = PBXSourcesBuildPhase; buildActionMask = 2147483647; files = (); runOnlyForDeploymentPostprocessing = 0; };
		B0E40000000000000000000D /* Sources */ = {isa = PBXSourcesBuildPhase; buildActionMask = 2147483647; files = (); runOnlyForDeploymentPostprocessing = 0; };
/* End PBXSourcesBuildPhase section */

/* Begin PBXFrameworksBuildPhase section */
		B0E40000000000000000000B /* Frameworks */ = {isa = PBXFrameworksBuildPhase; buildActionMask = 2147483647; files = (); runOnlyForDeploymentPostprocessing = 0; };
		B0E40000000000000000000E /* Frameworks */ = {isa = PBXFrameworksBuildPhase; buildActionMask = 2147483647; files = (); runOnlyForDeploymentPostprocessing = 0; };
/* End PBXFrameworksBuildPhase section */

/* Begin PBXResourcesBuildPhase section */
		B0E40000000000000000000C /* Resources */ = {isa = PBXResourcesBuildPhase; buildActionMask = 2147483647; files = (
				B0E400000000000000000020 /* BurnTracker.icns in Resources */,
				B0E400000000000000000022 /* Fonts in Resources */,
			); runOnlyForDeploymentPostprocessing = 0; };
		B0E40000000000000000000F /* Resources */ = {isa = PBXResourcesBuildPhase; buildActionMask = 2147483647; files = (); runOnlyForDeploymentPostprocessing = 0; };
/* End PBXResourcesBuildPhase section */

/* Begin PBXContainerItemProxy section */
		B0E40000000000000000001A /* PBXContainerItemProxy */ = {
			isa = PBXContainerItemProxy;
			containerPortal = B0E400000000000000000001 /* Project object */;
			proxyType = 1;
			remoteGlobalIDString = B0E400000000000000000002;
			remoteInfo = BurnTracker;
		};
/* End PBXContainerItemProxy section */

/* Begin PBXTargetDependency section */
		B0E400000000000000000019 /* PBXTargetDependency */ = {
			isa = PBXTargetDependency;
			target = B0E400000000000000000002 /* BurnTracker */;
			targetProxy = B0E40000000000000000001A /* PBXContainerItemProxy */;
		};
/* End PBXTargetDependency section */

/* Begin PBXNativeTarget section */
		B0E400000000000000000002 /* BurnTracker */ = {
			isa = PBXNativeTarget;
			buildConfigurationList = B0E400000000000000000011 /* Build configuration list for PBXNativeTarget "BurnTracker" */;
			buildPhases = (
				B0E40000000000000000000A /* Sources */,
				B0E40000000000000000000B /* Frameworks */,
				B0E40000000000000000000C /* Resources */,
			);
			buildRules = ();
			dependencies = ();
			fileSystemSynchronizedGroups = (
				B0E400000000000000000008 /* Sources */,
			);
			name = BurnTracker;
			productName = BurnTracker;
			productReference = B0E400000000000000000004 /* BurnTracker.app */;
			productType = "com.apple.product-type.application";
		};
		B0E400000000000000000003 /* BurnTrackerTests */ = {
			isa = PBXNativeTarget;
			buildConfigurationList = B0E400000000000000000012 /* Build configuration list for PBXNativeTarget "BurnTrackerTests" */;
			buildPhases = (
				B0E40000000000000000000D /* Sources */,
				B0E40000000000000000000E /* Frameworks */,
				B0E40000000000000000000F /* Resources */,
			);
			buildRules = ();
			dependencies = (
				B0E400000000000000000019 /* PBXTargetDependency */,
			);
			fileSystemSynchronizedGroups = (
				B0E400000000000000000009 /* Tests */,
			);
			name = BurnTrackerTests;
			productName = BurnTrackerTests;
			productReference = B0E400000000000000000005 /* BurnTrackerTests.xctest */;
			productType = "com.apple.product-type.bundle.unit-test";
		};
/* End PBXNativeTarget section */

/* Begin PBXProject section */
		B0E400000000000000000001 /* Project object */ = {
			isa = PBXProject;
			attributes = {
				BuildIndependentTargetsInParallel = 1;
				LastSwiftUpdateCheck = 2700;
				LastUpgradeCheck = 2700;
				TargetAttributes = {
					B0E400000000000000000002 = { CreatedOnToolsVersion = 27.0; };
					B0E400000000000000000003 = { CreatedOnToolsVersion = 27.0; TestTargetID = B0E400000000000000000002; };
				};
			};
			buildConfigurationList = B0E400000000000000000010 /* Build configuration list for PBXProject "BurnTracker" */;
			developmentRegion = en;
			hasScannedForEncodings = 0;
			knownRegions = ( en, Base );
			mainGroup = B0E400000000000000000006;
			minimizedProjectReferenceProxies = 1;
			preferredProjectObjectVersion = 77;
			productRefGroup = B0E400000000000000000007 /* Products */;
			projectDirPath = "";
			projectRoot = "";
			targets = (
				B0E400000000000000000002 /* BurnTracker */,
				B0E400000000000000000003 /* BurnTrackerTests */,
			);
		};
/* End PBXProject section */

/* Begin XCBuildConfiguration section */
		B0E400000000000000000013 /* Debug */ = {
			isa = XCBuildConfiguration;
			buildSettings = {
				ALWAYS_SEARCH_USER_PATHS = NO;
				CLANG_ENABLE_OBJC_WEAK = YES;
				COPY_PHASE_STRIP = NO;
				DEBUG_INFORMATION_FORMAT = dwarf;
				ENABLE_STRICT_OBJC_MSGSEND = YES;
				ENABLE_TESTABILITY = YES;
				GCC_OPTIMIZATION_LEVEL = 0;
				GCC_PREPROCESSOR_DEFINITIONS = ( "DEBUG=1", "$(inherited)" );
				MACOSX_DEPLOYMENT_TARGET = 15.0;
				MTL_ENABLE_DEBUG_INFO = INCLUDE_SOURCE;
				ONLY_ACTIVE_ARCH = YES;
				SDKROOT = macosx;
				SWIFT_ACTIVE_COMPILATION_CONDITIONS = "DEBUG $(inherited)";
				SWIFT_OPTIMIZATION_LEVEL = "-Onone";
				SWIFT_VERSION = 6.0;
			};
			name = Debug;
		};
		B0E400000000000000000014 /* Release */ = {
			isa = XCBuildConfiguration;
			buildSettings = {
				ALWAYS_SEARCH_USER_PATHS = NO;
				CLANG_ENABLE_OBJC_WEAK = YES;
				COPY_PHASE_STRIP = NO;
				DEBUG_INFORMATION_FORMAT = "dwarf-with-dsym";
				ENABLE_NS_ASSERTIONS = NO;
				ENABLE_STRICT_OBJC_MSGSEND = YES;
				MACOSX_DEPLOYMENT_TARGET = 15.0;
				MTL_ENABLE_DEBUG_INFO = NO;
				SDKROOT = macosx;
				SWIFT_COMPILATION_MODE = wholemodule;
				SWIFT_VERSION = 6.0;
			};
			name = Release;
		};
		B0E400000000000000000015 /* Debug */ = {
			isa = XCBuildConfiguration;
			buildSettings = {
				CODE_SIGN_ENTITLEMENTS = Resources/BurnTracker.entitlements;
				CODE_SIGN_IDENTITY = "-";
				CODE_SIGN_STYLE = Automatic;
				COMBINE_HIDPI_IMAGES = YES;
				CURRENT_PROJECT_VERSION = 1;
				ENABLE_HARDENED_RUNTIME = YES;
				GENERATE_INFOPLIST_FILE = NO;
				INFOPLIST_FILE = Resources/Info.plist;
				LD_RUNPATH_SEARCH_PATHS = ( "$(inherited)", "@executable_path/../Frameworks" );
				MARKETING_VERSION = 0.1.0;
				PRODUCT_BUNDLE_IDENTIFIER = com.redevify.tokenburn;
				PRODUCT_NAME = "$(TARGET_NAME)";
				SWIFT_EMIT_LOC_STRINGS = YES;
			};
			name = Debug;
		};
		B0E400000000000000000016 /* Release */ = {
			isa = XCBuildConfiguration;
			buildSettings = {
				CODE_SIGN_ENTITLEMENTS = Resources/BurnTracker.entitlements;
				CODE_SIGN_IDENTITY = "-";
				CODE_SIGN_STYLE = Automatic;
				COMBINE_HIDPI_IMAGES = YES;
				CURRENT_PROJECT_VERSION = 1;
				ENABLE_HARDENED_RUNTIME = YES;
				GENERATE_INFOPLIST_FILE = NO;
				INFOPLIST_FILE = Resources/Info.plist;
				LD_RUNPATH_SEARCH_PATHS = ( "$(inherited)", "@executable_path/../Frameworks" );
				MARKETING_VERSION = 0.1.0;
				PRODUCT_BUNDLE_IDENTIFIER = com.redevify.tokenburn;
				PRODUCT_NAME = "$(TARGET_NAME)";
				SWIFT_EMIT_LOC_STRINGS = YES;
			};
			name = Release;
		};
		B0E400000000000000000017 /* Debug */ = {
			isa = XCBuildConfiguration;
			buildSettings = {
				BUNDLE_LOADER = "$(TEST_HOST)";
				CODE_SIGN_STYLE = Automatic;
				CURRENT_PROJECT_VERSION = 1;
				GENERATE_INFOPLIST_FILE = YES;
				MARKETING_VERSION = 0.1.0;
				PRODUCT_BUNDLE_IDENTIFIER = com.redevify.tokenburn.tests;
				PRODUCT_NAME = "$(TARGET_NAME)";
				TEST_HOST = "$(BUILT_PRODUCTS_DIR)/BurnTracker.app/Contents/MacOS/BurnTracker";
			};
			name = Debug;
		};
		B0E400000000000000000018 /* Release */ = {
			isa = XCBuildConfiguration;
			buildSettings = {
				BUNDLE_LOADER = "$(TEST_HOST)";
				CODE_SIGN_STYLE = Automatic;
				CURRENT_PROJECT_VERSION = 1;
				GENERATE_INFOPLIST_FILE = YES;
				MARKETING_VERSION = 0.1.0;
				PRODUCT_BUNDLE_IDENTIFIER = com.redevify.tokenburn.tests;
				PRODUCT_NAME = "$(TARGET_NAME)";
				TEST_HOST = "$(BUILT_PRODUCTS_DIR)/BurnTracker.app/Contents/MacOS/BurnTracker";
			};
			name = Release;
		};
/* End XCBuildConfiguration section */

/* Begin XCConfigurationList section */
		B0E400000000000000000010 /* Build configuration list for PBXProject "BurnTracker" */ = {
			isa = XCConfigurationList;
			buildConfigurations = ( B0E400000000000000000013 /* Debug */, B0E400000000000000000014 /* Release */ );
			defaultConfigurationIsVisible = 0;
			defaultConfigurationName = Release;
		};
		B0E400000000000000000011 /* Build configuration list for PBXNativeTarget "BurnTracker" */ = {
			isa = XCConfigurationList;
			buildConfigurations = ( B0E400000000000000000015 /* Debug */, B0E400000000000000000016 /* Release */ );
			defaultConfigurationIsVisible = 0;
			defaultConfigurationName = Release;
		};
		B0E400000000000000000012 /* Build configuration list for PBXNativeTarget "BurnTrackerTests" */ = {
			isa = XCConfigurationList;
			buildConfigurations = ( B0E400000000000000000017 /* Debug */, B0E400000000000000000018 /* Release */ );
			defaultConfigurationIsVisible = 0;
			defaultConfigurationName = Release;
		};
/* End XCConfigurationList section */
	};
	rootObject = B0E400000000000000000001 /* Project object */;
}
